
Microsoft Visual Studio Solution File, Format Version 12.00
# Visual Studio Version 17
VisualStudioVersion = 17.4.33103.184
MinimumVisualStudioVersion = 10.0.40219.1
Project("{9A19103F-16F7-4668-BE54-9A1E7A4F7556}") = "BlazorAppFotovoltaico", "BlazorAppFotovoltaico\BlazorAppFotovoltaico.csproj", "{6B842FF3-1822-4B62-8EF3-537E9CAF67C3}"
EndProject
Global
	GlobalSection(SolutionConfigurationPlatforms) = preSolution
		Debug|Any CPU = Debug|Any CPU
		Release|Any CPU = Release|Any CPU
	EndGlobalSection
	GlobalSection(ProjectConfigurationPlatforms) = postSolution
		{6B842FF3-1822-4B62-8EF3-537E9CAF67C3}.Debug|Any CPU.ActiveCfg = Debug|Any CPU
		{6B842FF3-1822-4B62-8EF3-537E9CAF67C3}.Debug|Any CPU.Build.0 = Debug|Any CPU
		{6B842FF3-1822-4B62-8EF3-537E9CAF67C3}.Release|Any CPU.ActiveCfg = Release|Any CPU
		{6B842FF3-1822-4B62-8EF3-537E9CAF67C3}.Release|Any CPU.Build.0 = Release|Any CPU
	EndGlobalSection
	GlobalSection(SolutionProperties) = preSolution
		HideSolutionNode = FALSE
	EndGlobalSection
	GlobalSection(ExtensibilityGlobals) = postSolution
		SolutionGuid = {35DE678C-DE20-453D-A4BF-29B2C8AC6744}
	EndGlobalSection
EndGlobal
